
Microsoft Visual Studio Solution File, Format Version 12.00
# Visual Studio Version 16
VisualStudioVersion = 16.0.30503.244
MinimumVisualStudioVersion = 10.0.40219.1
Project("{FAE04EC0-301F-11D3-BF4B-00C04F79EFBC}") = "lab1", "lab1.csproj", "{F98C8885-0279-40A0-A157-37909787EDB7}"
EndProject
Global
	GlobalSection(SolutionConfigurationPlatforms) = preSolution
		Debug|Any CPU = Debug|Any CPU
		Release|Any CPU = Release|Any CPU
	EndGlobalSection
	GlobalSection(ProjectConfigurationPlatforms) = postSolution
		{F98C8885-0279-40A0-A157-37909787EDB7}.Debug|Any CPU.ActiveCfg = Debug|Any CPU
		{F98C8885-0279-40A0-A157-37909787EDB7}.Debug|Any CPU.Build.0 = Debug|Any CPU
		{F98C8885-0279-40A0-A157-37909787EDB7}.Release|Any CPU.ActiveCfg = Release|Any CPU
		{F98C8885-0279-40A0-A157-37909787EDB7}.Release|Any CPU.Build.0 = Release|Any CPU
	EndGlobalSection
	GlobalSection(SolutionProperties) = preSolution
		HideSolutionNode = FALSE
	EndGlobalSection
	GlobalSection(ExtensibilityGlobals) = postSolution
		SolutionGuid = {9CBD0944-BD25-4DAF-BEC1-A5CF711FA4CF}
	EndGlobalSection
EndGlobal
